
Microsoft Visual Studio Solution File, Format Version 12.00
Project("{2150E333-8FDC-42A3-9474-1A3956D46DE8}") = "src", "src", "{C66A2135-5F7F-42EC-860C-E4122AF9188F}"
EndProject
Project("{FAE04EC0-301F-11D3-BF4B-00C04F79EFBC}") = "DesignDocu.Bootstrapper", "src\DesignDocu.Bootstrapper\DesignDocu.Bootstrapper.csproj", "{A2A429D2-78B4-4E27-B6FD-E3B8462621A0}"
EndProject
Project("{2150E333-8FDC-42A3-9474-1A3956D46DE8}") = "Modules", "Modules", "{4BD145A2-7DC6-46B5-B295-2D1245293B55}"
EndProject
Project("{2150E333-8FDC-42A3-9474-1A3956D46DE8}") = "Common", "Common", "{90B4ABC8-5819-451B-BCC6-73519046C34D}"
EndProject
Project("{2150E333-8FDC-42A3-9474-1A3956D46DE8}") = "Users", "Users", "{A21C7931-F554-4B6C-A466-AFA9F83B248D}"
EndProject
Project("{FAE04EC0-301F-11D3-BF4B-00C04F79EFBC}") = "DesignDocu.Users.Application", "src\DesignDocu.Users.Application\DesignDocu.Users.Application.csproj", "{D35212BF-D68F-47F6-8D52-B973157481BE}"
EndProject
Project("{FAE04EC0-301F-11D3-BF4B-00C04F79EFBC}") = "DesignDocu.Common.Module", "src\DesignDocu.Common.Module\DesignDocu.Common.Module.csproj", "{EE3DFB45-DDC5-4B6D-A91B-DA5FFF780BCB}"
EndProject
Project("{FAE04EC0-301F-11D3-BF4B-00C04F79EFBC}") = "DesignDocu.Users.Infrastructure", "src\DesignDocu.Users.Infrastructure\DesignDocu.Users.Infrastructure.csproj", "{1CC9568B-56A9-4799-AABC-DF69772F3266}"
EndProject
Project("{FAE04EC0-301F-11D3-BF4B-00C04F79EFBC}") = "DessignDocu.Users.Domain", "src\DessignDocu.Users.Domain\DessignDocu.Users.Domain.csproj", "{68620B83-DD91-4C4C-A0FB-1253A49786A8}"
EndProject
Project("{FAE04EC0-301F-11D3-BF4B-00C04F79EFBC}") = "DesignDocu.Users.Api", "src\DesignDocu.Users.Api\DesignDocu.Users.Api.csproj", "{AAC88861-BB9F-4774-B68C-43F28C3EAA2E}"
EndProject
Project("{FAE04EC0-301F-11D3-BF4B-00C04F79EFBC}") = "DesignDocu.Common.Application", "src\DesignDocu.Common.Application\DesignDocu.Common.Application.csproj", "{B304418D-C452-46CE-81A1-A4A1FCC79454}"
EndProject
Project("{FAE04EC0-301F-11D3-BF4B-00C04F79EFBC}") = "DesignDocu.Common.Api", "src\DesignDocu.Common.Api\DesignDocu.Common.Api.csproj", "{EDE037DE-4112-4C20-9308-9332B0CED439}"
EndProject
Project("{2150E333-8FDC-42A3-9474-1A3956D46DE8}") = "Infrastructure", "Infrastructure", "{FAAD1990-154B-45B3-8539-0B362F869421}"
EndProject
Project("{FAE04EC0-301F-11D3-BF4B-00C04F79EFBC}") = "DesignDocu.Infrastructure.Authorization.Core", "src\DesignDocu.Infrastructure.Authorization.Core\DesignDocu.Infrastructure.Authorization.Core.csproj", "{C7C1E0A6-A4F3-45AC-98FE-974E361EA651}"
EndProject
Project("{2150E333-8FDC-42A3-9474-1A3956D46DE8}") = "Authorization", "Authorization", "{F5294D04-B5F8-4B78-9DA5-F9AC56BF2C11}"
EndProject
Project("{FAE04EC0-301F-11D3-BF4B-00C04F79EFBC}") = "DesignDocu.Infrastructure.Authorization.Abstractions", "src\DesignDocu.Infrastructure.Authorization.Abstractions\DesignDocu.Infrastructure.Authorization.Abstractions.csproj", "{1B5BC1FF-1689-4163-B8D6-309081019922}"
EndProject
Global
	GlobalSection(SolutionConfigurationPlatforms) = preSolution
		Debug|Any CPU = Debug|Any CPU
		Release|Any CPU = Release|Any CPU
	EndGlobalSection
	GlobalSection(NestedProjects) = preSolution
		{A2A429D2-78B4-4E27-B6FD-E3B8462621A0} = {C66A2135-5F7F-42EC-860C-E4122AF9188F}
		{4BD145A2-7DC6-46B5-B295-2D1245293B55} = {C66A2135-5F7F-42EC-860C-E4122AF9188F}
		{90B4ABC8-5819-451B-BCC6-73519046C34D} = {C66A2135-5F7F-42EC-860C-E4122AF9188F}
		{A21C7931-F554-4B6C-A466-AFA9F83B248D} = {4BD145A2-7DC6-46B5-B295-2D1245293B55}
		{D35212BF-D68F-47F6-8D52-B973157481BE} = {A21C7931-F554-4B6C-A466-AFA9F83B248D}
		{EE3DFB45-DDC5-4B6D-A91B-DA5FFF780BCB} = {90B4ABC8-5819-451B-BCC6-73519046C34D}
		{1CC9568B-56A9-4799-AABC-DF69772F3266} = {A21C7931-F554-4B6C-A466-AFA9F83B248D}
		{68620B83-DD91-4C4C-A0FB-1253A49786A8} = {A21C7931-F554-4B6C-A466-AFA9F83B248D}
		{AAC88861-BB9F-4774-B68C-43F28C3EAA2E} = {A21C7931-F554-4B6C-A466-AFA9F83B248D}
		{B304418D-C452-46CE-81A1-A4A1FCC79454} = {90B4ABC8-5819-451B-BCC6-73519046C34D}
		{EDE037DE-4112-4C20-9308-9332B0CED439} = {90B4ABC8-5819-451B-BCC6-73519046C34D}
		{FAAD1990-154B-45B3-8539-0B362F869421} = {C66A2135-5F7F-42EC-860C-E4122AF9188F}
		{F5294D04-B5F8-4B78-9DA5-F9AC56BF2C11} = {FAAD1990-154B-45B3-8539-0B362F869421}
		{C7C1E0A6-A4F3-45AC-98FE-974E361EA651} = {F5294D04-B5F8-4B78-9DA5-F9AC56BF2C11}
		{1B5BC1FF-1689-4163-B8D6-309081019922} = {F5294D04-B5F8-4B78-9DA5-F9AC56BF2C11}
	EndGlobalSection
	GlobalSection(ProjectConfigurationPlatforms) = postSolution
		{A2A429D2-78B4-4E27-B6FD-E3B8462621A0}.Debug|Any CPU.ActiveCfg = Debug|Any CPU
		{A2A429D2-78B4-4E27-B6FD-E3B8462621A0}.Debug|Any CPU.Build.0 = Debug|Any CPU
		{A2A429D2-78B4-4E27-B6FD-E3B8462621A0}.Release|Any CPU.ActiveCfg = Release|Any CPU
		{A2A429D2-78B4-4E27-B6FD-E3B8462621A0}.Release|Any CPU.Build.0 = Release|Any CPU
		{D35212BF-D68F-47F6-8D52-B973157481BE}.Debug|Any CPU.ActiveCfg = Debug|Any CPU
		{D35212BF-D68F-47F6-8D52-B973157481BE}.Debug|Any CPU.Build.0 = Debug|Any CPU
		{D35212BF-D68F-47F6-8D52-B973157481BE}.Release|Any CPU.ActiveCfg = Release|Any CPU
		{D35212BF-D68F-47F6-8D52-B973157481BE}.Release|Any CPU.Build.0 = Release|Any CPU
		{EE3DFB45-DDC5-4B6D-A91B-DA5FFF780BCB}.Debug|Any CPU.ActiveCfg = Debug|Any CPU
		{EE3DFB45-DDC5-4B6D-A91B-DA5FFF780BCB}.Debug|Any CPU.Build.0 = Debug|Any CPU
		{EE3DFB45-DDC5-4B6D-A91B-DA5FFF780BCB}.Release|Any CPU.ActiveCfg = Release|Any CPU
		{EE3DFB45-DDC5-4B6D-A91B-DA5FFF780BCB}.Release|Any CPU.Build.0 = Release|Any CPU
		{1CC9568B-56A9-4799-AABC-DF69772F3266}.Debug|Any CPU.ActiveCfg = Debug|Any CPU
		{1CC9568B-56A9-4799-AABC-DF69772F3266}.Debug|Any CPU.Build.0 = Debug|Any CPU
		{1CC9568B-56A9-4799-AABC-DF69772F3266}.Release|Any CPU.ActiveCfg = Release|Any CPU
		{1CC9568B-56A9-4799-AABC-DF69772F3266}.Release|Any CPU.Build.0 = Release|Any CPU
		{68620B83-DD91-4C4C-A0FB-1253A49786A8}.Debug|Any CPU.ActiveCfg = Debug|Any CPU
		{68620B83-DD91-4C4C-A0FB-1253A49786A8}.Debug|Any CPU.Build.0 = Debug|Any CPU
		{68620B83-DD91-4C4C-A0FB-1253A49786A8}.Release|Any CPU.ActiveCfg = Release|Any CPU
		{68620B83-DD91-4C4C-A0FB-1253A49786A8}.Release|Any CPU.Build.0 = Release|Any CPU
		{AAC88861-BB9F-4774-B68C-43F28C3EAA2E}.Debug|Any CPU.ActiveCfg = Debug|Any CPU
		{AAC88861-BB9F-4774-B68C-43F28C3EAA2E}.Debug|Any CPU.Build.0 = Debug|Any CPU
		{AAC88861-BB9F-4774-B68C-43F28C3EAA2E}.Release|Any CPU.ActiveCfg = Release|Any CPU
		{AAC88861-BB9F-4774-B68C-43F28C3EAA2E}.Release|Any CPU.Build.0 = Release|Any CPU
		{B304418D-C452-46CE-81A1-A4A1FCC79454}.Debug|Any CPU.ActiveCfg = Debug|Any CPU
		{B304418D-C452-46CE-81A1-A4A1FCC79454}.Debug|Any CPU.Build.0 = Debug|Any CPU
		{B304418D-C452-46CE-81A1-A4A1FCC79454}.Release|Any CPU.ActiveCfg = Release|Any CPU
		{B304418D-C452-46CE-81A1-A4A1FCC79454}.Release|Any CPU.Build.0 = Release|Any CPU
		{EDE037DE-4112-4C20-9308-9332B0CED439}.Debug|Any CPU.ActiveCfg = Debug|Any CPU
		{EDE037DE-4112-4C20-9308-9332B0CED439}.Debug|Any CPU.Build.0 = Debug|Any CPU
		{EDE037DE-4112-4C20-9308-9332B0CED439}.Release|Any CPU.ActiveCfg = Release|Any CPU
		{EDE037DE-4112-4C20-9308-9332B0CED439}.Release|Any CPU.Build.0 = Release|Any CPU
		{C7C1E0A6-A4F3-45AC-98FE-974E361EA651}.Debug|Any CPU.ActiveCfg = Debug|Any CPU
		{C7C1E0A6-A4F3-45AC-98FE-974E361EA651}.Debug|Any CPU.Build.0 = Debug|Any CPU
		{C7C1E0A6-A4F3-45AC-98FE-974E361EA651}.Release|Any CPU.ActiveCfg = Release|Any CPU
		{C7C1E0A6-A4F3-45AC-98FE-974E361EA651}.Release|Any CPU.Build.0 = Release|Any CPU
		{1B5BC1FF-1689-4163-B8D6-309081019922}.Debug|Any CPU.ActiveCfg = Debug|Any CPU
		{1B5BC1FF-1689-4163-B8D6-309081019922}.Debug|Any CPU.Build.0 = Debug|Any CPU
		{1B5BC1FF-1689-4163-B8D6-309081019922}.Release|Any CPU.ActiveCfg = Release|Any CPU
		{1B5BC1FF-1689-4163-B8D6-309081019922}.Release|Any CPU.Build.0 = Release|Any CPU
	EndGlobalSection
EndGlobal
